
Microsoft Visual Studio Solution File, Format Version 12.00
# Visual Studio Version 17
VisualStudioVersion = 17.12.35527.113
MinimumVisualStudioVersion = 10.0.40219.1
Project("{FAE04EC0-301F-11D3-BF4B-00C04F79EFBC}") = "FamilyNewsletters.Server", "FamilyNewsletters.Server\FamilyNewsletters.Server.csproj", "{A00E029A-12D7-4166-9497-62952689CAD9}"
EndProject
Project("{54A90642-561A-4BB1-A94E-469ADEE60C69}") = "familynewsletters.client", "familynewsletters.client\familynewsletters.client.esproj", "{D8BDCFA0-B91C-493A-8E96-B395DA782D1A}"
EndProject
Global
	GlobalSection(SolutionConfigurationPlatforms) = preSolution
		Debug|Any CPU = Debug|Any CPU
		Release|Any CPU = Release|Any CPU
	EndGlobalSection
	GlobalSection(ProjectConfigurationPlatforms) = postSolution
		{A00E029A-12D7-4166-9497-62952689CAD9}.Debug|Any CPU.ActiveCfg = Debug|Any CPU
		{A00E029A-12D7-4166-9497-62952689CAD9}.Debug|Any CPU.Build.0 = Debug|Any CPU
		{A00E029A-12D7-4166-9497-62952689CAD9}.Release|Any CPU.ActiveCfg = Release|Any CPU
		{A00E029A-12D7-4166-9497-62952689CAD9}.Release|Any CPU.Build.0 = Release|Any CPU
		{D8BDCFA0-B91C-493A-8E96-B395DA782D1A}.Debug|Any CPU.ActiveCfg = Debug|Any CPU
		{D8BDCFA0-B91C-493A-8E96-B395DA782D1A}.Debug|Any CPU.Build.0 = Debug|Any CPU
		{D8BDCFA0-B91C-493A-8E96-B395DA782D1A}.Release|Any CPU.ActiveCfg = Release|Any CPU
		{D8BDCFA0-B91C-493A-8E96-B395DA782D1A}.Release|Any CPU.Build.0 = Release|Any CPU
		{D8BDCFA0-B91C-493A-8E96-B395DA782D1A}.Release|Any CPU.Deploy.0 = Release|Any CPU
	EndGlobalSection
	GlobalSection(SolutionProperties) = preSolution
		HideSolutionNode = FALSE
	EndGlobalSection
EndGlobal
